
Microsoft Visual Studio Solution File, Format Version 12.00
# Visual Studio Version 17
VisualStudioVersion = 17.11.35327.3
MinimumVisualStudioVersion = 10.0.40219.1
Project("{FAE04EC0-301F-11D3-BF4B-00C04F79EFBC}") = "Pratice", "Pratice\Pratice.csproj", "{FCA91A73-3C32-40FA-BDC2-9B24ABDE83D7}"
EndProject
Global
	GlobalSection(SolutionConfigurationPlatforms) = preSolution
		Debug|Any CPU = Debug|Any CPU
		Release|Any CPU = Release|Any CPU
	EndGlobalSection
	GlobalSection(ProjectConfigurationPlatforms) = postSolution
		{FCA91A73-3C32-40FA-BDC2-9B24ABDE83D7}.Debug|Any CPU.ActiveCfg = Debug|Any CPU
		{FCA91A73-3C32-40FA-BDC2-9B24ABDE83D7}.Debug|Any CPU.Build.0 = Debug|Any CPU
		{FCA91A73-3C32-40FA-BDC2-9B24ABDE83D7}.Release|Any CPU.ActiveCfg = Release|Any CPU
		{FCA91A73-3C32-40FA-BDC2-9B24ABDE83D7}.Release|Any CPU.Build.0 = Release|Any CPU
	EndGlobalSection
	GlobalSection(SolutionProperties) = preSolution
		HideSolutionNode = FALSE
	EndGlobalSection
	GlobalSection(ExtensibilityGlobals) = postSolution
		SolutionGuid = {4AA2DC49-21A9-4838-B8E8-EAF0AAC56558}
	EndGlobalSection
EndGlobal
